// !$*UTF8*$!
{
	archiveVersion = 1;
	classes = {
	};
	objectVersion = 77;
	objects = {

/* Begin PBXBuildFile section */
		220A89692FF47E6E00C1348F /* PalatePassShareExtension.appex in Embed Foundation Extensions */ = {isa = PBXBuildFile; fileRef = 220A894D2FF476DD00C1348F /* PalatePassShareExtension.appex */; settings = {ATTRIBUTES = (RemoveHeadersOnCopy, ); }; };
		2282A8682FA7FF4500E6F3F3 /* FirebaseAuth in Frameworks */ = {isa = PBXBuildFile; productRef = 2282A8672FA7FF4500E6F3F3 /* FirebaseAuth */; };
		2282A86A2FA7FF4500E6F3F3 /* FirebaseCore in Frameworks */ = {isa = PBXBuildFile; productRef = 2282A8692FA7FF4500E6F3F3 /* FirebaseCore */; };
		2282A86C2FA7FF4500E6F3F3 /* FirebaseFirestore in Frameworks */ = {isa = PBXBuildFile; productRef = 2282A86B2FA7FF4500E6F3F3 /* FirebaseFirestore */; };
		2282A86E2FA7FF4500E6F3F3 /* FirebaseStorage in Frameworks */ = {isa = PBXBuildFile; productRef = 2282A86D2FA7FF4500E6F3F3 /* FirebaseStorage */; };
		229FA1352FA8170B005435DA /* GoogleService-Info.plist in Resources */ = {isa = PBXBuildFile; fileRef = 229FA1332FA8170B005435DA /* GoogleService-Info.plist */; };
		22AECAFB2FECA12300C0D9B5 /* AuthLandingViewController.swift in Sources */ = {isa = PBXBuildFile; fileRef = 22AECAD52FECA12300C0D9B5 /* AuthLandingViewController.swift */; };
		22AECAFC2FECA12300C0D9B5 /* EntryDetailViewController.swift in Sources */ = {isa = PBXBuildFile; fileRef = 22AECADA2FECA12300C0D9B5 /* EntryDetailViewController.swift */; };
		22AECAFD2FECA12300C0D9B5 /* EntryCell.swift in Sources */ = {isa = PBXBuildFile; fileRef = 22AECAF62FECA12300C0D9B5 /* EntryCell.swift */; };
		22AECAFE2FECA12300C0D9B5 /* HomeViewModel.swift in Sources */ = {isa = PBXBuildFile; fileRef = 22AECAF32FECA12300C0D9B5 /* HomeViewModel.swift */; };
		22AECAFF2FECA12300C0D9B5 /* UserProfile.swift in Sources */ = {isa = PBXBuildFile; fileRef = 22AECAEA2FECA12300C0D9B5 /* UserProfile.swift */; };
		22AECB002FECA12300C0D9B5 /* AppDelegate.swift in Sources */ = {isa = PBXBuildFile; fileRef = 22AECAE42FECA12300C0D9B5 /* AppDelegate.swift */; };
		22AECB012FECA12300C0D9B5 /* ImageLoader.swift in Sources */ = {isa = PBXBuildFile; fileRef = 22AECAEE2FECA12300C0D9B5 /* ImageLoader.swift */; };
		22AECB022FECA12300C0D9B5 /* SceneDelegate.swift in Sources */ = {isa = PBXBuildFile; fileRef = 22AECAE62FECA12300C0D9B5 /* SceneDelegate.swift */; };
		22AECB032FECA12300C0D9B5 /* AddEntryViewModel.swift in Sources */ = {isa = PBXBuildFile; fileRef = 22AECAF12FECA12300C0D9B5 /* AddEntryViewModel.swift */; };
		22AECB042FECA12300C0D9B5 /* HomeViewController.swift in Sources */ = {isa = PBXBuildFile; fileRef = 22AECADC2FECA12300C0D9B5 /* HomeViewController.swift */; };
		22AECB052FECA12300C0D9B5 /* SettingsViewController.swift in Sources */ = {isa = PBXBuildFile; fileRef = 22AECAE02FECA12300C0D9B5 /* SettingsViewController.swift */; };
		22AECB062FECA12300C0D9B5 /* Theme.swift in Sources */ = {isa = PBXBuildFile; fileRef = 22AECAF92FECA12300C0D9B5 /* Theme.swift */; };
		22AECB072FECA12300C0D9B5 /* SettingsViewModel.swift in Sources */ = {isa = PBXBuildFile; fileRef = 22AECAF42FECA12300C0D9B5 /* SettingsViewModel.swift */; };
		22AECB082FECA12300C0D9B5 /* StarRatingView.swift in Sources */ = {isa = PBXBuildFile; fileRef = 22AECAF82FECA12300C0D9B5 /* StarRatingView.swift */; };
		22AECB092FECA12300C0D9B5 /* EntryDetailViewModel.swift in Sources */ = {isa = PBXBuildFile; fileRef = 22AECAF22FECA12300C0D9B5 /* EntryDetailViewModel.swift */; };
		22AECB0A2FECA12300C0D9B5 /* PhoneAuthViewController.swift in Sources */ = {isa = PBXBuildFile; fileRef = 22AECAD72FECA12300C0D9B5 /* PhoneAuthViewController.swift */; };
		22AECB0B2FECA12300C0D9B5 /* EmailAuthViewController.swift in Sources */ = {isa = PBXBuildFile; fileRef = 22AECAD62FECA12300C0D9B5 /* EmailAuthViewController.swift */; };
		22AECB0C2FECA12300C0D9B5 /* FoodEntry.swift in Sources */ = {isa = PBXBuildFile; fileRef = 22AECAE92FECA12300C0D9B5 /* FoodEntry.swift */; };
		22AECB0D2FECA12300C0D9B5 /* MapViewController.swift in Sources */ = {isa = PBXBuildFile; fileRef = 22AECADE2FECA12300C0D9B5 /* MapViewController.swift */; };
		22AECB0E2FECA12300C0D9B5 /* EntryService.swift in Sources */ = {isa = PBXBuildFile; fileRef = 22AECAED2FECA12300C0D9B5 /* EntryService.swift */; };
		22AECB0F2FECA12300C0D9B5 /* MainTabBarController.swift in Sources */ = {isa = PBXBuildFile; fileRef = 22AECAE22FECA12300C0D9B5 /* MainTabBarController.swift */; };
		22AECB102FECA12300C0D9B5 /* UserService.swift in Sources */ = {isa = PBXBuildFile; fileRef = 22AECAEF2FECA12300C0D9B5 /* UserService.swift */; };
		22AECB112FECA12300C0D9B5 /* ListViewController.swift in Sources */ = {isa = PBXBuildFile; fileRef = 22AECADD2FECA12300C0D9B5 /* ListViewController.swift */; };
		22AECB122FECA12300C0D9B5 /* UIAlertController+Simple.swift in Sources */ = {isa = PBXBuildFile; fileRef = 22AECAE72FECA12300C0D9B5 /* UIAlertController+Simple.swift */; };
		22AECBA02FECA12300C0D9B5 /* MapsNavigator.swift in Sources */ = {isa = PBXBuildFile; fileRef = 22AECBA12FECA12300C0D9B5 /* MapsNavigator.swift */; };
		22AECB132FECA12300C0D9B5 /* PhoneOTPViewController.swift in Sources */ = {isa = PBXBuildFile; fileRef = 22AECAD82FECA12300C0D9B5 /* PhoneOTPViewController.swift */; };
		22AECB142FECA12300C0D9B5 /* DataManager.swift in Sources */ = {isa = PBXBuildFile; fileRef = 22AECAEC2FECA12300C0D9B5 /* DataManager.swift */; };
		22AEC9132FECA12300C0D9B5 /* PhotoRecoveryViewController.swift in Sources */ = {isa = PBXBuildFile; fileRef = 22AEC9032FECA12300C0D9B5 /* PhotoRecoveryViewController.swift */; };
		22AEC9122FECA12300C0D9B5 /* SyncStatusViewController.swift in Sources */ = {isa = PBXBuildFile; fileRef = 22AEC9022FECA12300C0D9B5 /* SyncStatusViewController.swift */; };
		22AEC9112FECA12300C0D9B5 /* SyncCoordinator.swift in Sources */ = {isa = PBXBuildFile; fileRef = 22AEC9012FECA12300C0D9B5 /* SyncCoordinator.swift */; };
		22AECB162FECA12300C0D9B5 /* LaunchScreen.storyboard in Resources */ = {isa = PBXBuildFile; fileRef = 22AECAF72FECA12300C0D9B5 /* LaunchScreen.storyboard */; };
		22AECB172FECA12300C0D9B5 /* Assets.xcassets in Resources */ = {isa = PBXBuildFile; fileRef = 22AECAE52FECA12300C0D9B5 /* Assets.xcassets */; };
		22AECB5C2FECA32900C0D9B5 /* AddEntryViewController.swift in Sources */ = {isa = PBXBuildFile; fileRef = 22AECB5B2FECA32400C0D9B5 /* AddEntryViewController.swift */; };
		22B8E8A72FF7223500383B30 /* PlacePickerViewController.swift in Sources */ = {isa = PBXBuildFile; fileRef = 22B8E8A62FF7223500383B30 /* PlacePickerViewController.swift */; };
/* End PBXBuildFile section */

/* Begin PBXCopyFilesBuildPhase section */
		220A89682FF47E5B00C1348F /* Embed Foundation Extensions */ = {
			isa = PBXCopyFilesBuildPhase;
			buildActionMask = 2147483647;
			dstPath = "";
			dstSubfolderSpec = 13;
			files = (
				220A89692FF47E6E00C1348F /* PalatePassShareExtension.appex in Embed Foundation Extensions */,
			);
			name = "Embed Foundation Extensions";
			runOnlyForDeploymentPostprocessing = 0;
		};
/* End PBXCopyFilesBuildPhase section */

/* Begin PBXFileReference section */
		220A894D2FF476DD00C1348F /* PalatePassShareExtension.appex */ = {isa = PBXFileReference; explicitFileType = "wrapper.app-extension"; includeInIndex = 0; path = PalatePassShareExtension.appex; sourceTree = BUILT_PRODUCTS_DIR; };
		2282A86F2FA7FF7400E6F3F3 /* Palate Pass.entitlements */ = {isa = PBXFileReference; lastKnownFileType = text.plist.entitlements; path = "Palate Pass.entitlements"; sourceTree = "<group>"; };
		2296129D2FA2CB2E0048B018 /* Info.plist */ = {isa = PBXFileReference; lastKnownFileType = text.plist.xml; path = Info.plist; sourceTree = "<group>"; };
		2299A8B72FA2C53100DC2907 /* Palate Pass.app */ = {isa = PBXFileReference; explicitFileType = wrapper.application; includeInIndex = 0; path = "Palate Pass.app"; sourceTree = BUILT_PRODUCTS_DIR; };
		229FA1332FA8170B005435DA /* GoogleService-Info.plist */ = {isa = PBXFileReference; lastKnownFileType = text.plist.xml; path = "GoogleService-Info.plist"; sourceTree = "<group>"; };
		22AECAD52FECA12300C0D9B5 /* AuthLandingViewController.swift */ = {isa = PBXFileReference; lastKnownFileType = sourcecode.swift; path = AuthLandingViewController.swift; sourceTree = "<group>"; };
		22AECAD62FECA12300C0D9B5 /* EmailAuthViewController.swift */ = {isa = PBXFileReference; lastKnownFileType = sourcecode.swift; path = EmailAuthViewController.swift; sourceTree = "<group>"; };
		22AECAD72FECA12300C0D9B5 /* PhoneAuthViewController.swift */ = {isa = PBXFileReference; lastKnownFileType = sourcecode.swift; path = PhoneAuthViewController.swift; sourceTree = "<group>"; };
		22AECAD82FECA12300C0D9B5 /* PhoneOTPViewController.swift */ = {isa = PBXFileReference; lastKnownFileType = sourcecode.swift; path = PhoneOTPViewController.swift; sourceTree = "<group>"; };
		22AECADA2FECA12300C0D9B5 /* EntryDetailViewController.swift */ = {isa = PBXFileReference; lastKnownFileType = sourcecode.swift; path = EntryDetailViewController.swift; sourceTree = "<group>"; };
		22AECADC2FECA12300C0D9B5 /* HomeViewController.swift */ = {isa = PBXFileReference; lastKnownFileType = sourcecode.swift; path = HomeViewController.swift; sourceTree = "<group>"; };
		22AECADD2FECA12300C0D9B5 /* ListViewController.swift */ = {isa = PBXFileReference; lastKnownFileType = sourcecode.swift; path = ListViewController.swift; sourceTree = "<group>"; };
		22AECADE2FECA12300C0D9B5 /* MapViewController.swift */ = {isa = PBXFileReference; lastKnownFileType = sourcecode.swift; path = MapViewController.swift; sourceTree = "<group>"; };
		22AECAE02FECA12300C0D9B5 /* SettingsViewController.swift */ = {isa = PBXFileReference; lastKnownFileType = sourcecode.swift; path = SettingsViewController.swift; sourceTree = "<group>"; };
		22AECAE22FECA12300C0D9B5 /* MainTabBarController.swift */ = {isa = PBXFileReference; lastKnownFileType = sourcecode.swift; path = MainTabBarController.swift; sourceTree = "<group>"; };
		22AECAE42FECA12300C0D9B5 /* AppDelegate.swift */ = {isa = PBXFileReference; lastKnownFileType = sourcecode.swift; path = AppDelegate.swift; sourceTree = "<group>"; };
		22AECAE52FECA12300C0D9B5 /* Assets.xcassets */ = {isa = PBXFileReference; lastKnownFileType = folder.assetcatalog; path = Assets.xcassets; sourceTree = "<group>"; };
		22AECAE62FECA12300C0D9B5 /* SceneDelegate.swift */ = {isa = PBXFileReference; lastKnownFileType = sourcecode.swift; path = SceneDelegate.swift; sourceTree = "<group>"; };
		22AECAE72FECA12300C0D9B5 /* UIAlertController+Simple.swift */ = {isa = PBXFileReference; lastKnownFileType = sourcecode.swift; path = "UIAlertController+Simple.swift"; sourceTree = "<group>"; };
		22AECBA12FECA12300C0D9B5 /* MapsNavigator.swift */ = {isa = PBXFileReference; lastKnownFileType = sourcecode.swift; path = MapsNavigator.swift; sourceTree = "<group>"; };
		22AECAE92FECA12300C0D9B5 /* FoodEntry.swift */ = {isa = PBXFileReference; lastKnownFileType = sourcecode.swift; path = FoodEntry.swift; sourceTree = "<group>"; };
		22AECAEA2FECA12300C0D9B5 /* UserProfile.swift */ = {isa = PBXFileReference; lastKnownFileType = sourcecode.swift; path = UserProfile.swift; sourceTree = "<group>"; };
		22AECAEC2FECA12300C0D9B5 /* DataManager.swift */ = {isa = PBXFileReference; lastKnownFileType = sourcecode.swift; path = DataManager.swift; sourceTree = "<group>"; };
		22AEC9032FECA12300C0D9B5 /* PhotoRecoveryViewController.swift */ = {isa = PBXFileReference; lastKnownFileType = sourcecode.swift; path = PhotoRecoveryViewController.swift; sourceTree = "<group>"; };
		22AEC9022FECA12300C0D9B5 /* SyncStatusViewController.swift */ = {isa = PBXFileReference; lastKnownFileType = sourcecode.swift; path = SyncStatusViewController.swift; sourceTree = "<group>"; };
		22AEC9012FECA12300C0D9B5 /* SyncCoordinator.swift */ = {isa = PBXFileReference; lastKnownFileType = sourcecode.swift; path = SyncCoordinator.swift; sourceTree = "<group>"; };
		22AECAED2FECA12300C0D9B5 /* EntryService.swift */ = {isa = PBXFileReference; lastKnownFileType = sourcecode.swift; path = EntryService.swift; sourceTree = "<group>"; };
		22AECAEE2FECA12300C0D9B5 /* ImageLoader.swift */ = {isa = PBXFileReference; lastKnownFileType = sourcecode.swift; path = ImageLoader.swift; sourceTree = "<group>"; };
		22AECAEF2FECA12300C0D9B5 /* UserService.swift */ = {isa = PBXFileReference; lastKnownFileType = sourcecode.swift; path = UserService.swift; sourceTree = "<group>"; };
		22AECAF12FECA12300C0D9B5 /* AddEntryViewModel.swift */ = {isa = PBXFileReference; lastKnownFileType = sourcecode.swift; path = AddEntryViewModel.swift; sourceTree = "<group>"; };
		22AECAF22FECA12300C0D9B5 /* EntryDetailViewModel.swift */ = {isa = PBXFileReference; lastKnownFileType = sourcecode.swift; path = EntryDetailViewModel.swift; sourceTree = "<group>"; };
		22AECAF32FECA12300C0D9B5 /* HomeViewModel.swift */ = {isa = PBXFileReference; lastKnownFileType = sourcecode.swift; path = HomeViewModel.swift; sourceTree = "<group>"; };
		22AECAF42FECA12300C0D9B5 /* SettingsViewModel.swift */ = {isa = PBXFileReference; lastKnownFileType = sourcecode.swift; path = SettingsViewModel.swift; sourceTree = "<group>"; };
		22AECAF62FECA12300C0D9B5 /* EntryCell.swift */ = {isa = PBXFileReference; lastKnownFileType = sourcecode.swift; path = EntryCell.swift; sourceTree = "<group>"; };
		22AECAF72FECA12300C0D9B5 /* LaunchScreen.storyboard */ = {isa = PBXFileReference; lastKnownFileType = file.storyboard; path = LaunchScreen.storyboard; sourceTree = "<group>"; };
		22AECAF82FECA12300C0D9B5 /* StarRatingView.swift */ = {isa = PBXFileReference; lastKnownFileType = sourcecode.swift; path = StarRatingView.swift; sourceTree = "<group>"; };
		22AECAF92FECA12300C0D9B5 /* Theme.swift */ = {isa = PBXFileReference; lastKnownFileType = sourcecode.swift; path = Theme.swift; sourceTree = "<group>"; };
		22AECB5B2FECA32400C0D9B5 /* AddEntryViewController.swift */ = {isa = PBXFileReference; lastKnownFileType = sourcecode.swift; path = AddEntryViewController.swift; sourceTree = "<group>"; };
		22B8E8A62FF7223500383B30 /* PlacePickerViewController.swift */ = {isa = PBXFileReference; lastKnownFileType = sourcecode.swift; path = PlacePickerViewController.swift; sourceTree = "<group>"; };
/* End PBXFileReference section */

/* Begin PBXFileSystemSynchronizedBuildFileExceptionSet section */
		220A89652FF47A6B00C1348F /* Exceptions for "PalatePassShareExtension" folder in "PalatePassShareExtension" target */ = {
			isa = PBXFileSystemSynchronizedBuildFileExceptionSet;
			membershipExceptions = (
				Info.plist,
			);
			target = 220A894C2FF476DD00C1348F /* PalatePassShareExtension */;
		};
/* End PBXFileSystemSynchronizedBuildFileExceptionSet section */

/* Begin PBXFileSystemSynchronizedRootGroup section */
		220A894E2FF476DD00C1348F /* PalatePassShareExtension */ = {
			isa = PBXFileSystemSynchronizedRootGroup;
			exceptions = (
				220A89652FF47A6B00C1348F /* Exceptions for "PalatePassShareExtension" folder in "PalatePassShareExtension" target */,
			);
			path = PalatePassShareExtension;
			sourceTree = "<group>";
		};
/* End PBXFileSystemSynchronizedRootGroup section */

/* Begin PBXFrameworksBuildPhase section */
		220A894A2FF476DD00C1348F /* Frameworks */ = {
			isa = PBXFrameworksBuildPhase;
			buildActionMask = 2147483647;
			files = (
			);
			runOnlyForDeploymentPostprocessing = 0;
		};
		2299A8B42FA2C53100DC2907 /* Frameworks */ = {
			isa = PBXFrameworksBuildPhase;
			buildActionMask = 2147483647;
			files = (
				2282A86A2FA7FF4500E6F3F3 /* FirebaseCore in Frameworks */,
				2282A86E2FA7FF4500E6F3F3 /* FirebaseStorage in Frameworks */,
				2282A8682FA7FF4500E6F3F3 /* FirebaseAuth in Frameworks */,
				2282A86C2FA7FF4500E6F3F3 /* FirebaseFirestore in Frameworks */,
			);
			runOnlyForDeploymentPostprocessing = 0;
		};
/* End PBXFrameworksBuildPhase section */

/* Begin PBXGroup section */
		2299A8AE2FA2C53100DC2907 = {
			isa = PBXGroup;
			children = (
				22AECAE32FECA12300C0D9B5 /* Controllers */,
				22AECAE82FECA12300C0D9B5 /* Extras */,
				22AECAEB2FECA12300C0D9B5 /* Models */,
				22AECAF02FECA12300C0D9B5 /* Services */,
				22AECAF52FECA12300C0D9B5 /* ViewModels */,
				22AECAFA2FECA12300C0D9B5 /* Views */,
				2282A86F2FA7FF7400E6F3F3 /* Palate Pass.entitlements */,
				220A894E2FF476DD00C1348F /* PalatePassShareExtension */,
				2299A8B82FA2C53100DC2907 /* Products */,
				2296129D2FA2CB2E0048B018 /* Info.plist */,
				229FA1342FA8170B005435DA /* Security */,
			);
			sourceTree = "<group>";
		};
		2299A8B82FA2C53100DC2907 /* Products */ = {
			isa = PBXGroup;
			children = (
				2299A8B72FA2C53100DC2907 /* Palate Pass.app */,
				220A894D2FF476DD00C1348F /* PalatePassShareExtension.appex */,
			);
			name = Products;
			sourceTree = "<group>";
		};
		229FA1342FA8170B005435DA /* Security */ = {
			isa = PBXGroup;
			children = (
				229FA1332FA8170B005435DA /* GoogleService-Info.plist */,
			);
			path = Security;
			sourceTree = "<group>";
		};
		22AECAD42FECA12300C0D9B5 /* Add */ = {
			isa = PBXGroup;
			children = (
				22B8E8A62FF7223500383B30 /* PlacePickerViewController.swift */,
				22AECB5B2FECA32400C0D9B5 /* AddEntryViewController.swift */,
			);
			path = Add;
			sourceTree = "<group>";
		};
		22AECAD92FECA12300C0D9B5 /* Auth */ = {
			isa = PBXGroup;
			children = (
				22AECAD52FECA12300C0D9B5 /* AuthLandingViewController.swift */,
				22AECAD62FECA12300C0D9B5 /* EmailAuthViewController.swift */,
				22AECAD72FECA12300C0D9B5 /* PhoneAuthViewController.swift */,
				22AECAD82FECA12300C0D9B5 /* PhoneOTPViewController.swift */,
			);
			path = Auth;
			sourceTree = "<group>";
		};
		22AECADB2FECA12300C0D9B5 /* Detail */ = {
			isa = PBXGroup;
			children = (
				22AECADA2FECA12300C0D9B5 /* EntryDetailViewController.swift */,
			);
			path = Detail;
			sourceTree = "<group>";
		};
		22AECADF2FECA12300C0D9B5 /* Home */ = {
			isa = PBXGroup;
			children = (
				22AECADC2FECA12300C0D9B5 /* HomeViewController.swift */,
				22AECADD2FECA12300C0D9B5 /* ListViewController.swift */,
				22AECADE2FECA12300C0D9B5 /* MapViewController.swift */,
			);
			path = Home;
			sourceTree = "<group>";
		};
		22AECAE12FECA12300C0D9B5 /* Settings */ = {
			isa = PBXGroup;
			children = (
				22AEC9032FECA12300C0D9B5 /* PhotoRecoveryViewController.swift */,
				22AEC9022FECA12300C0D9B5 /* SyncStatusViewController.swift */,
				22AECAE02FECA12300C0D9B5 /* SettingsViewController.swift */,
			);
			path = Settings;
			sourceTree = "<group>";
		};
		22AECAE32FECA12300C0D9B5 /* Controllers */ = {
			isa = PBXGroup;
			children = (
				22AECAD42FECA12300C0D9B5 /* Add */,
				22AECAD92FECA12300C0D9B5 /* Auth */,
				22AECADB2FECA12300C0D9B5 /* Detail */,
				22AECADF2FECA12300C0D9B5 /* Home */,
				22AECAE12FECA12300C0D9B5 /* Settings */,
				22AECAE22FECA12300C0D9B5 /* MainTabBarController.swift */,
			);
			path = Controllers;
			sourceTree = "<group>";
		};
		22AECAE82FECA12300C0D9B5 /* Extras */ = {
			isa = PBXGroup;
			children = (
				22AECAE42FECA12300C0D9B5 /* AppDelegate.swift */,
				22AECAE52FECA12300C0D9B5 /* Assets.xcassets */,
				22AECAE62FECA12300C0D9B5 /* SceneDelegate.swift */,
				22AECAE72FECA12300C0D9B5 /* UIAlertController+Simple.swift */,
				22AECBA12FECA12300C0D9B5 /* MapsNavigator.swift */,
			);
			path = Extras;
			sourceTree = "<group>";
		};
		22AECAEB2FECA12300C0D9B5 /* Models */ = {
			isa = PBXGroup;
			children = (
				22AECAE92FECA12300C0D9B5 /* FoodEntry.swift */,
				22AECAEA2FECA12300C0D9B5 /* UserProfile.swift */,
			);
			path = Models;
			sourceTree = "<group>";
		};
		22AECAF02FECA12300C0D9B5 /* Services */ = {
			isa = PBXGroup;
			children = (
				22AEC9012FECA12300C0D9B5 /* SyncCoordinator.swift */,
				22AECAEC2FECA12300C0D9B5 /* DataManager.swift */,
				22AECAED2FECA12300C0D9B5 /* EntryService.swift */,
				22AECAEE2FECA12300C0D9B5 /* ImageLoader.swift */,
				22AECAEF2FECA12300C0D9B5 /* UserService.swift */,
			);
			path = Services;
			sourceTree = "<group>";
		};
		22AECAF52FECA12300C0D9B5 /* ViewModels */ = {
			isa = PBXGroup;
			children = (
				22AECAF12FECA12300C0D9B5 /* AddEntryViewModel.swift */,
				22AECAF22FECA12300C0D9B5 /* EntryDetailViewModel.swift */,
				22AECAF32FECA12300C0D9B5 /* HomeViewModel.swift */,
				22AECAF42FECA12300C0D9B5 /* SettingsViewModel.swift */,
			);
			path = ViewModels;
			sourceTree = "<group>";
		};
		22AECAFA2FECA12300C0D9B5 /* Views */ = {
			isa = PBXGroup;
			children = (
				22AECAF62FECA12300C0D9B5 /* EntryCell.swift */,
				22AECAF72FECA12300C0D9B5 /* LaunchScreen.storyboard */,
				22AECAF82FECA12300C0D9B5 /* StarRatingView.swift */,
				22AECAF92FECA12300C0D9B5 /* Theme.swift */,
			);
			path = Views;
			sourceTree = "<group>";
		};
/* End PBXGroup section */

/* Begin PBXNativeTarget section */
		220A894C2FF476DD00C1348F /* PalatePassShareExtension */ = {
			isa = PBXNativeTarget;
			buildConfigurationList = 220A895C2FF476DD00C1348F /* Build configuration list for PBXNativeTarget "PalatePassShareExtension" */;
			buildPhases = (
				220A89492FF476DD00C1348F /* Sources */,
				220A894A2FF476DD00C1348F /* Frameworks */,
				220A894B2FF476DD00C1348F /* Resources */,
			);
			buildRules = (
			);
			dependencies = (
			);
			fileSystemSynchronizedGroups = (
				220A894E2FF476DD00C1348F /* PalatePassShareExtension */,
			);
			name = PalatePassShareExtension;
			packageProductDependencies = (
			);
			productName = PalatePassShareExtension;
			productReference = 220A894D2FF476DD00C1348F /* PalatePassShareExtension.appex */;
			productType = "com.apple.product-type.app-extension";
		};
		2299A8B62FA2C53100DC2907 /* Palate Pass */ = {
			isa = PBXNativeTarget;
			buildConfigurationList = 2299A8CA2FA2C53300DC2907 /* Build configuration list for PBXNativeTarget "Palate Pass" */;
			buildPhases = (
				2299A8B32FA2C53100DC2907 /* Sources */,
				2299A8B42FA2C53100DC2907 /* Frameworks */,
				2299A8B52FA2C53100DC2907 /* Resources */,
				220A89682FF47E5B00C1348F /* Embed Foundation Extensions */,
			);
			buildRules = (
			);
			dependencies = (
			);
			name = "Palate Pass";
			packageProductDependencies = (
				2282A8672FA7FF4500E6F3F3 /* FirebaseAuth */,
				2282A8692FA7FF4500E6F3F3 /* FirebaseCore */,
				2282A86B2FA7FF4500E6F3F3 /* FirebaseFirestore */,
				2282A86D2FA7FF4500E6F3F3 /* FirebaseStorage */,
			);
			productName = Foodie;
			productReference = 2299A8B72FA2C53100DC2907 /* Palate Pass.app */;
			productType = "com.apple.product-type.application";
		};
/* End PBXNativeTarget section */

/* Begin PBXProject section */
		2299A8AF2FA2C53100DC2907 /* Project object */ = {
			isa = PBXProject;
			attributes = {
				BuildIndependentTargetsInParallel = 1;
				LastSwiftUpdateCheck = 2660;
				LastUpgradeCheck = 2640;
				TargetAttributes = {
					220A894C2FF476DD00C1348F = {
						CreatedOnToolsVersion = 26.6;
					};
					2299A8B62FA2C53100DC2907 = {
						CreatedOnToolsVersion = 26.4.1;
					};
				};
			};
			buildConfigurationList = 2299A8B22FA2C53100DC2907 /* Build configuration list for PBXProject "Palate Pass" */;
			developmentRegion = en;
			hasScannedForEncodings = 0;
			knownRegions = (
				en,
				Base,
			);
			mainGroup = 2299A8AE2FA2C53100DC2907;
			minimizedProjectReferenceProxies = 1;
			packageReferences = (
				2282A8662FA7FF4500E6F3F3 /* XCRemoteSwiftPackageReference "firebase-ios-sdk" */,
			);
			preferredProjectObjectVersion = 77;
			productRefGroup = 2299A8B82FA2C53100DC2907 /* Products */;
			projectDirPath = "";
			projectRoot = "";
			targets = (
				2299A8B62FA2C53100DC2907 /* Palate Pass */,
				220A894C2FF476DD00C1348F /* PalatePassShareExtension */,
			);
		};
/* End PBXProject section */

/* Begin PBXResourcesBuildPhase section */
		220A894B2FF476DD00C1348F /* Resources */ = {
			isa = PBXResourcesBuildPhase;
			buildActionMask = 2147483647;
			files = (
			);
			runOnlyForDeploymentPostprocessing = 0;
		};
		2299A8B52FA2C53100DC2907 /* Resources */ = {
			isa = PBXResourcesBuildPhase;
			buildActionMask = 2147483647;
			files = (
				229FA1352FA8170B005435DA /* GoogleService-Info.plist in Resources */,
				22AECB162FECA12300C0D9B5 /* LaunchScreen.storyboard in Resources */,
				22AECB172FECA12300C0D9B5 /* Assets.xcassets in Resources */,
			);
			runOnlyForDeploymentPostprocessing = 0;
		};
/* End PBXResourcesBuildPhase section */

/* Begin PBXSourcesBuildPhase section */
		220A89492FF476DD00C1348F /* Sources */ = {
			isa = PBXSourcesBuildPhase;
			buildActionMask = 2147483647;
			files = (
			);
			runOnlyForDeploymentPostprocessing = 0;
		};
		2299A8B32FA2C53100DC2907 /* Sources */ = {
			isa = PBXSourcesBuildPhase;
			buildActionMask = 2147483647;
			files = (
				22AECAFB2FECA12300C0D9B5 /* AuthLandingViewController.swift in Sources */,
				22AECAFC2FECA12300C0D9B5 /* EntryDetailViewController.swift in Sources */,
				22AECAFD2FECA12300C0D9B5 /* EntryCell.swift in Sources */,
				22AECAFE2FECA12300C0D9B5 /* HomeViewModel.swift in Sources */,
				22B8E8A72FF7223500383B30 /* PlacePickerViewController.swift in Sources */,
				22AECAFF2FECA12300C0D9B5 /* UserProfile.swift in Sources */,
				22AECB002FECA12300C0D9B5 /* AppDelegate.swift in Sources */,
				22AECB012FECA12300C0D9B5 /* ImageLoader.swift in Sources */,
				22AECB022FECA12300C0D9B5 /* SceneDelegate.swift in Sources */,
				22AECB032FECA12300C0D9B5 /* AddEntryViewModel.swift in Sources */,
				22AECB042FECA12300C0D9B5 /* HomeViewController.swift in Sources */,
				22AECB052FECA12300C0D9B5 /* SettingsViewController.swift in Sources */,
				22AECB062FECA12300C0D9B5 /* Theme.swift in Sources */,
				22AECB072FECA12300C0D9B5 /* SettingsViewModel.swift in Sources */,
				22AECB082FECA12300C0D9B5 /* StarRatingView.swift in Sources */,
				22AECB092FECA12300C0D9B5 /* EntryDetailViewModel.swift in Sources */,
				22AECB0A2FECA12300C0D9B5 /* PhoneAuthViewController.swift in Sources */,
				22AECB0B2FECA12300C0D9B5 /* EmailAuthViewController.swift in Sources */,
				22AECB0C2FECA12300C0D9B5 /* FoodEntry.swift in Sources */,
				22AECB0D2FECA12300C0D9B5 /* MapViewController.swift in Sources */,
				22AECB0E2FECA12300C0D9B5 /* EntryService.swift in Sources */,
				22AECB0F2FECA12300C0D9B5 /* MainTabBarController.swift in Sources */,
				22AECB102FECA12300C0D9B5 /* UserService.swift in Sources */,
				22AECB112FECA12300C0D9B5 /* ListViewController.swift in Sources */,
				22AECB122FECA12300C0D9B5 /* UIAlertController+Simple.swift in Sources */,
				22AECBA02FECA12300C0D9B5 /* MapsNavigator.swift in Sources */,
				22AECB5C2FECA32900C0D9B5 /* AddEntryViewController.swift in Sources */,
				22AECB132FECA12300C0D9B5 /* PhoneOTPViewController.swift in Sources */,
				22AECB142FECA12300C0D9B5 /* DataManager.swift in Sources */,
				22AEC9132FECA12300C0D9B5 /* PhotoRecoveryViewController.swift in Sources */,
				22AEC9122FECA12300C0D9B5 /* SyncStatusViewController.swift in Sources */,
				22AEC9112FECA12300C0D9B5 /* SyncCoordinator.swift in Sources */,
			);
			runOnlyForDeploymentPostprocessing = 0;
		};
/* End PBXSourcesBuildPhase section */

/* Begin XCBuildConfiguration section */
		220A89592FF476DD00C1348F /* Debug */ = {
			isa = XCBuildConfiguration;
			buildSettings = {
				CODE_SIGN_ENTITLEMENTS = PalatePassShareExtension/PalatePassShareExtension.entitlements;
				CODE_SIGN_STYLE = Automatic;
				CURRENT_PROJECT_VERSION = 1;
				DEVELOPMENT_TEAM = SJK4QJY486;
				GENERATE_INFOPLIST_FILE = NO;
				INFOPLIST_FILE = PalatePassShareExtension/Info.plist;
				INFOPLIST_KEY_CFBundleDisplayName = PalatePassShareExtension;
				INFOPLIST_KEY_NSHumanReadableCopyright = "";
				IPHONEOS_DEPLOYMENT_TARGET = 26.5;
				LD_RUNPATH_SEARCH_PATHS = (
					"$(inherited)",
					"@executable_path/Frameworks",
					"@executable_path/../../Frameworks",
				);
				MARKETING_VERSION = 1.0;
				PRODUCT_BUNDLE_IDENTIFIER = "com.jdev.palate-pass.shareextension";
				PRODUCT_NAME = "$(TARGET_NAME)";
				SKIP_INSTALL = YES;
				STRING_CATALOG_GENERATE_SYMBOLS = YES;
				SWIFT_APPROACHABLE_CONCURRENCY = YES;
				SWIFT_EMIT_LOC_STRINGS = YES;
				SWIFT_UPCOMING_FEATURE_MEMBER_IMPORT_VISIBILITY = YES;
				SWIFT_VERSION = 5.0;
				TARGETED_DEVICE_FAMILY = "1,2";
			};
			name = Debug;
		};
		220A895A2FF476DD00C1348F /* Release */ = {
			isa = XCBuildConfiguration;
			buildSettings = {
				CODE_SIGN_ENTITLEMENTS = PalatePassShareExtension/PalatePassShareExtension.entitlements;
				CODE_SIGN_STYLE = Automatic;
				CURRENT_PROJECT_VERSION = 1;
				DEVELOPMENT_TEAM = SJK4QJY486;
				GENERATE_INFOPLIST_FILE = NO;
				INFOPLIST_FILE = PalatePassShareExtension/Info.plist;
				INFOPLIST_KEY_CFBundleDisplayName = PalatePassShareExtension;
				INFOPLIST_KEY_NSHumanReadableCopyright = "";
				IPHONEOS_DEPLOYMENT_TARGET = 26.5;
				LD_RUNPATH_SEARCH_PATHS = (
					"$(inherited)",
					"@executable_path/Frameworks",
					"@executable_path/../../Frameworks",
				);
				MARKETING_VERSION = 1.0;
				PRODUCT_BUNDLE_IDENTIFIER = "com.jdev.palate-pass.shareextension";
				PRODUCT_NAME = "$(TARGET_NAME)";
				SKIP_INSTALL = YES;
				STRING_CATALOG_GENERATE_SYMBOLS = YES;
				SWIFT_APPROACHABLE_CONCURRENCY = YES;
				SWIFT_EMIT_LOC_STRINGS = YES;
				SWIFT_UPCOMING_FEATURE_MEMBER_IMPORT_VISIBILITY = YES;
				SWIFT_VERSION = 5.0;
				TARGETED_DEVICE_FAMILY = "1,2";
			};
			name = Release;
		};
		2299A8CB2FA2C53300DC2907 /* Debug */ = {
			isa = XCBuildConfiguration;
			buildSettings = {
				ASSETCATALOG_COMPILER_APPICON_NAME = AppIcon;
				ASSETCATALOG_COMPILER_GLOBAL_ACCENT_COLOR_NAME = AccentColor;
				CODE_SIGN_ENTITLEMENTS = "Palate Pass.entitlements";
				CODE_SIGN_STYLE = Automatic;
				CURRENT_PROJECT_VERSION = 1;
				DEVELOPMENT_TEAM = SJK4QJY486;
				GENERATE_INFOPLIST_FILE = NO;
				INFOPLIST_FILE = Info.plist;
				INFOPLIST_KEY_CFBundleDisplayName = "Palate Pass";
				INFOPLIST_KEY_UIApplicationSupportsIndirectInputEvents = YES;
				INFOPLIST_KEY_UILaunchStoryboardName = LaunchScreen;
				INFOPLIST_KEY_UIMainStoryboardFile = Main;
				INFOPLIST_KEY_UISupportedInterfaceOrientations_iPad = "UIInterfaceOrientationPortrait UIInterfaceOrientationPortraitUpsideDown UIInterfaceOrientationLandscapeLeft UIInterfaceOrientationLandscapeRight";
				INFOPLIST_KEY_UISupportedInterfaceOrientations_iPhone = "UIInterfaceOrientationPortrait UIInterfaceOrientationLandscapeLeft UIInterfaceOrientationLandscapeRight";
				IPHONEOS_DEPLOYMENT_TARGET = 18.6;
				LD_RUNPATH_SEARCH_PATHS = (
					"$(inherited)",
					"@executable_path/Frameworks",
				);
				MARKETING_VERSION = 1.0;
				PRODUCT_BUNDLE_IDENTIFIER = "com.jdev.palate-pass";
				PRODUCT_NAME = "$(TARGET_NAME)";
				STRING_CATALOG_GENERATE_SYMBOLS = YES;
				SWIFT_APPROACHABLE_CONCURRENCY = YES;
				SWIFT_DEFAULT_ACTOR_ISOLATION = MainActor;
				SWIFT_EMIT_LOC_STRINGS = YES;
				SWIFT_UPCOMING_FEATURE_MEMBER_IMPORT_VISIBILITY = YES;
				SWIFT_VERSION = 5.0;
				TARGETED_DEVICE_FAMILY = "1,2";
			};
			name = Debug;
		};
		2299A8CC2FA2C53300DC2907 /* Release */ = {
			isa = XCBuildConfiguration;
			buildSettings = {
				ASSETCATALOG_COMPILER_APPICON_NAME = AppIcon;
				ASSETCATALOG_COMPILER_GLOBAL_ACCENT_COLOR_NAME = AccentColor;
				CODE_SIGN_ENTITLEMENTS = "Palate Pass.entitlements";
				CODE_SIGN_STYLE = Automatic;
				CURRENT_PROJECT_VERSION = 1;
				DEVELOPMENT_TEAM = SJK4QJY486;
				GENERATE_INFOPLIST_FILE = NO;
				INFOPLIST_FILE = Info.plist;
				INFOPLIST_KEY_CFBundleDisplayName = "Palate Pass";
				INFOPLIST_KEY_UIApplicationSupportsIndirectInputEvents = YES;
				INFOPLIST_KEY_UILaunchStoryboardName = LaunchScreen;
				INFOPLIST_KEY_UIMainStoryboardFile = Main;
				INFOPLIST_KEY_UISupportedInterfaceOrientations_iPad = "UIInterfaceOrientationPortrait UIInterfaceOrientationPortraitUpsideDown UIInterfaceOrientationLandscapeLeft UIInterfaceOrientationLandscapeRight";
				INFOPLIST_KEY_UISupportedInterfaceOrientations_iPhone = "UIInterfaceOrientationPortrait UIInterfaceOrientationLandscapeLeft UIInterfaceOrientationLandscapeRight";
				IPHONEOS_DEPLOYMENT_TARGET = 18.6;
				LD_RUNPATH_SEARCH_PATHS = (
					"$(inherited)",
					"@executable_path/Frameworks",
				);
				MARKETING_VERSION = 1.0;
				PRODUCT_BUNDLE_IDENTIFIER = "com.jdev.palate-pass";
				PRODUCT_NAME = "$(TARGET_NAME)";
				STRING_CATALOG_GENERATE_SYMBOLS = YES;
				SWIFT_APPROACHABLE_CONCURRENCY = YES;
				SWIFT_DEFAULT_ACTOR_ISOLATION = MainActor;
				SWIFT_EMIT_LOC_STRINGS = YES;
				SWIFT_UPCOMING_FEATURE_MEMBER_IMPORT_VISIBILITY = YES;
				SWIFT_VERSION = 5.0;
				TARGETED_DEVICE_FAMILY = "1,2";
			};
			name = Release;
		};
		2299A8CD2FA2C53300DC2907 /* Debug */ = {
			isa = XCBuildConfiguration;
			buildSettings = {
				ALWAYS_SEARCH_USER_PATHS = NO;
				ASSETCATALOG_COMPILER_GENERATE_SWIFT_ASSET_SYMBOL_EXTENSIONS = YES;
				CLANG_ANALYZER_NONNULL = YES;
				CLANG_ANALYZER_NUMBER_OBJECT_CONVERSION = YES_AGGRESSIVE;
				CLANG_CXX_LANGUAGE_STANDARD = "gnu++20";
				CLANG_ENABLE_MODULES = YES;
				CLANG_ENABLE_OBJC_ARC = YES;
				CLANG_ENABLE_OBJC_WEAK = YES;
				CLANG_WARN_BLOCK_CAPTURE_AUTORELEASING = YES;
				CLANG_WARN_BOOL_CONVERSION = YES;
				CLANG_WARN_COMMA = YES;
				CLANG_WARN_CONSTANT_CONVERSION = YES;
				CLANG_WARN_DEPRECATED_OBJC_IMPLEMENTATIONS = YES;
				CLANG_WARN_DIRECT_OBJC_ISA_USAGE = YES_ERROR;
				CLANG_WARN_DOCUMENTATION_COMMENTS = YES;
				CLANG_WARN_EMPTY_BODY = YES;
				CLANG_WARN_ENUM_CONVERSION = YES;
				CLANG_WARN_INFINITE_RECURSION = YES;
				CLANG_WARN_INT_CONVERSION = YES;
				CLANG_WARN_NON_LITERAL_NULL_CONVERSION = YES;
				CLANG_WARN_OBJC_IMPLICIT_RETAIN_SELF = YES;
				CLANG_WARN_OBJC_LITERAL_CONVERSION = YES;
				CLANG_WARN_OBJC_ROOT_CLASS = YES_ERROR;
				CLANG_WARN_QUOTED_INCLUDE_IN_FRAMEWORK_HEADER = YES;
				CLANG_WARN_RANGE_LOOP_ANALYSIS = YES;
				CLANG_WARN_STRICT_PROTOTYPES = YES;
				CLANG_WARN_SUSPICIOUS_MOVE = YES;
				CLANG_WARN_UNGUARDED_AVAILABILITY = YES_AGGRESSIVE;
				CLANG_WARN_UNREACHABLE_CODE = YES;
				CLANG_WARN__DUPLICATE_METHOD_MATCH = YES;
				COPY_PHASE_STRIP = NO;
				DEBUG_INFORMATION_FORMAT = dwarf;
				DEVELOPMENT_TEAM = SJK4QJY486;
				ENABLE_STRICT_OBJC_MSGSEND = YES;
				ENABLE_TESTABILITY = YES;
				ENABLE_USER_SCRIPT_SANDBOXING = YES;
				GCC_C_LANGUAGE_STANDARD = gnu17;
				GCC_DYNAMIC_NO_PIC = NO;
				GCC_NO_COMMON_BLOCKS = YES;
				GCC_OPTIMIZATION_LEVEL = 0;
				GCC_PREPROCESSOR_DEFINITIONS = (
					"DEBUG=1",
					"$(inherited)",
				);
				GCC_WARN_64_TO_32_BIT_CONVERSION = YES;
				GCC_WARN_ABOUT_RETURN_TYPE = YES_ERROR;
				GCC_WARN_UNDECLARED_SELECTOR = YES;
				GCC_WARN_UNINITIALIZED_AUTOS = YES_AGGRESSIVE;
				GCC_WARN_UNUSED_FUNCTION = YES;
				GCC_WARN_UNUSED_VARIABLE = YES;
				IPHONEOS_DEPLOYMENT_TARGET = 26.4;
				LOCALIZATION_PREFERS_STRING_CATALOGS = YES;
				MTL_ENABLE_DEBUG_INFO = INCLUDE_SOURCE;
				MTL_FAST_MATH = YES;
				ONLY_ACTIVE_ARCH = YES;
				SDKROOT = iphoneos;
				SWIFT_ACTIVE_COMPILATION_CONDITIONS = "DEBUG $(inherited)";
				SWIFT_OPTIMIZATION_LEVEL = "-Onone";
			};
			name = Debug;
		};
		2299A8CE2FA2C53300DC2907 /* Release */ = {
			isa = XCBuildConfiguration;
			buildSettings = {
				ALWAYS_SEARCH_USER_PATHS = NO;
				ASSETCATALOG_COMPILER_GENERATE_SWIFT_ASSET_SYMBOL_EXTENSIONS = YES;
				CLANG_ANALYZER_NONNULL = YES;
				CLANG_ANALYZER_NUMBER_OBJECT_CONVERSION = YES_AGGRESSIVE;
				CLANG_CXX_LANGUAGE_STANDARD = "gnu++20";
				CLANG_ENABLE_MODULES = YES;
				CLANG_ENABLE_OBJC_ARC = YES;
				CLANG_ENABLE_OBJC_WEAK = YES;
				CLANG_WARN_BLOCK_CAPTURE_AUTORELEASING = YES;
				CLANG_WARN_BOOL_CONVERSION = YES;
				CLANG_WARN_COMMA = YES;
				CLANG_WARN_CONSTANT_CONVERSION = YES;
				CLANG_WARN_DEPRECATED_OBJC_IMPLEMENTATIONS = YES;
				CLANG_WARN_DIRECT_OBJC_ISA_USAGE = YES_ERROR;
				CLANG_WARN_DOCUMENTATION_COMMENTS = YES;
				CLANG_WARN_EMPTY_BODY = YES;
				CLANG_WARN_ENUM_CONVERSION = YES;
				CLANG_WARN_INFINITE_RECURSION = YES;
				CLANG_WARN_INT_CONVERSION = YES;
				CLANG_WARN_NON_LITERAL_NULL_CONVERSION = YES;
				CLANG_WARN_OBJC_IMPLICIT_RETAIN_SELF = YES;
				CLANG_WARN_OBJC_LITERAL_CONVERSION = YES;
				CLANG_WARN_OBJC_ROOT_CLASS = YES_ERROR;
				CLANG_WARN_QUOTED_INCLUDE_IN_FRAMEWORK_HEADER = YES;
				CLANG_WARN_RANGE_LOOP_ANALYSIS = YES;
				CLANG_WARN_STRICT_PROTOTYPES = YES;
				CLANG_WARN_SUSPICIOUS_MOVE = YES;
				CLANG_WARN_UNGUARDED_AVAILABILITY = YES_AGGRESSIVE;
				CLANG_WARN_UNREACHABLE_CODE = YES;
				CLANG_WARN__DUPLICATE_METHOD_MATCH = YES;
				COPY_PHASE_STRIP = NO;
				DEBUG_INFORMATION_FORMAT = "dwarf-with-dsym";
				DEVELOPMENT_TEAM = SJK4QJY486;
				ENABLE_NS_ASSERTIONS = NO;
				ENABLE_STRICT_OBJC_MSGSEND = YES;
				ENABLE_USER_SCRIPT_SANDBOXING = YES;
				GCC_C_LANGUAGE_STANDARD = gnu17;
				GCC_NO_COMMON_BLOCKS = YES;
				GCC_WARN_64_TO_32_BIT_CONVERSION = YES;
				GCC_WARN_ABOUT_RETURN_TYPE = YES_ERROR;
				GCC_WARN_UNDECLARED_SELECTOR = YES;
				GCC_WARN_UNINITIALIZED_AUTOS = YES_AGGRESSIVE;
				GCC_WARN_UNUSED_FUNCTION = YES;
				GCC_WARN_UNUSED_VARIABLE = YES;
				IPHONEOS_DEPLOYMENT_TARGET = 26.4;
				LOCALIZATION_PREFERS_STRING_CATALOGS = YES;
				MTL_ENABLE_DEBUG_INFO = NO;
				MTL_FAST_MATH = YES;
				SDKROOT = iphoneos;
				SWIFT_COMPILATION_MODE = wholemodule;
				VALIDATE_PRODUCT = YES;
			};
			name = Release;
		};
/* End XCBuildConfiguration section */

/* Begin XCConfigurationList section */
		220A895C2FF476DD00C1348F /* Build configuration list for PBXNativeTarget "PalatePassShareExtension" */ = {
			isa = XCConfigurationList;
			buildConfigurations = (
				220A89592FF476DD00C1348F /* Debug */,
				220A895A2FF476DD00C1348F /* Release */,
			);
			defaultConfigurationIsVisible = 0;
			defaultConfigurationName = Release;
		};
		2299A8B22FA2C53100DC2907 /* Build configuration list for PBXProject "Palate Pass" */ = {
			isa = XCConfigurationList;
			buildConfigurations = (
				2299A8CD2FA2C53300DC2907 /* Debug */,
				2299A8CE2FA2C53300DC2907 /* Release */,
			);
			defaultConfigurationIsVisible = 0;
			defaultConfigurationName = Release;
		};
		2299A8CA2FA2C53300DC2907 /* Build configuration list for PBXNativeTarget "Palate Pass" */ = {
			isa = XCConfigurationList;
			buildConfigurations = (
				2299A8CB2FA2C53300DC2907 /* Debug */,
				2299A8CC2FA2C53300DC2907 /* Release */,
			);
			defaultConfigurationIsVisible = 0;
			defaultConfigurationName = Release;
		};
/* End XCConfigurationList section */

/* Begin XCRemoteSwiftPackageReference section */
		2282A8662FA7FF4500E6F3F3 /* XCRemoteSwiftPackageReference "firebase-ios-sdk" */ = {
			isa = XCRemoteSwiftPackageReference;
			repositoryURL = "https://github.com/firebase/firebase-ios-sdk";
			requirement = {
				kind = upToNextMajorVersion;
				minimumVersion = 12.12.1;
			};
		};
/* End XCRemoteSwiftPackageReference section */

/* Begin XCSwiftPackageProductDependency section */
		2282A8672FA7FF4500E6F3F3 /* FirebaseAuth */ = {
			isa = XCSwiftPackageProductDependency;
			package = 2282A8662FA7FF4500E6F3F3 /* XCRemoteSwiftPackageReference "firebase-ios-sdk" */;
			productName = FirebaseAuth;
		};
		2282A8692FA7FF4500E6F3F3 /* FirebaseCore */ = {
			isa = XCSwiftPackageProductDependency;
			package = 2282A8662FA7FF4500E6F3F3 /* XCRemoteSwiftPackageReference "firebase-ios-sdk" */;
			productName = FirebaseCore;
		};
		2282A86B2FA7FF4500E6F3F3 /* FirebaseFirestore */ = {
			isa = XCSwiftPackageProductDependency;
			package = 2282A8662FA7FF4500E6F3F3 /* XCRemoteSwiftPackageReference "firebase-ios-sdk" */;
			productName = FirebaseFirestore;
		};
		2282A86D2FA7FF4500E6F3F3 /* FirebaseStorage */ = {
			isa = XCSwiftPackageProductDependency;
			package = 2282A8662FA7FF4500E6F3F3 /* XCRemoteSwiftPackageReference "firebase-ios-sdk" */;
			productName = FirebaseStorage;
		};
/* End XCSwiftPackageProductDependency section */
	};
	rootObject = 2299A8AF2FA2C53100DC2907 /* Project object */;
}
